
Microsoft Visual Studio Solution File, Format Version 12.00
# Visual Studio Version 16
VisualStudioVersion = 16.0.30503.244
MinimumVisualStudioVersion = 10.0.40219.1
Project("{9A19103F-16F7-4668-BE54-9A1E7A4F7556}") = "CheckPassword", "CheckPassword\CheckPassword.csproj", "{C0293335-14CC-4939-9364-C5BC93BDB146}"
EndProject
Project("{FAE04EC0-301F-11D3-BF4B-00C04F79EFBC}") = "SimpleNeuronNetwork", "SimpleNeuronNetwork\SimpleNeuronNetwork.csproj", "{9690957A-0F99-4937-B5C8-89C07FB55D78}"
EndProject
Global
	GlobalSection(SolutionConfigurationPlatforms) = preSolution
		Debug|Any CPU = Debug|Any CPU
		Release|Any CPU = Release|Any CPU
	EndGlobalSection
	GlobalSection(ProjectConfigurationPlatforms) = postSolution
		{C0293335-14CC-4939-9364-C5BC93BDB146}.Debug|Any CPU.ActiveCfg = Debug|Any CPU
		{C0293335-14CC-4939-9364-C5BC93BDB146}.Debug|Any CPU.Build.0 = Debug|Any CPU
		{C0293335-14CC-4939-9364-C5BC93BDB146}.Release|Any CPU.ActiveCfg = Release|Any CPU
		{C0293335-14CC-4939-9364-C5BC93BDB146}.Release|Any CPU.Build.0 = Release|Any CPU
		{9690957A-0F99-4937-B5C8-89C07FB55D78}.Debug|Any CPU.ActiveCfg = Debug|Any CPU
		{9690957A-0F99-4937-B5C8-89C07FB55D78}.Debug|Any CPU.Build.0 = Debug|Any CPU
		{9690957A-0F99-4937-B5C8-89C07FB55D78}.Release|Any CPU.ActiveCfg = Release|Any CPU
		{9690957A-0F99-4937-B5C8-89C07FB55D78}.Release|Any CPU.Build.0 = Release|Any CPU
	EndGlobalSection
	GlobalSection(SolutionProperties) = preSolution
		HideSolutionNode = FALSE
	EndGlobalSection
	GlobalSection(ExtensibilityGlobals) = postSolution
		SolutionGuid = {0F0820B3-C26C-4A99-9070-63AD7C46A6FB}
	EndGlobalSection
EndGlobal
